
Microsoft Visual Studio Solution File, Format Version 12.00
# Visual Studio Version 17
VisualStudioVersion = 17.4.33205.214
MinimumVisualStudioVersion = 10.0.40219.1
Project("{9A19103F-16F7-4668-BE54-9A1E7A4F7556}") = "project", "project.csproj", "{7328BF39-E13D-438C-BA89-ADFDD63B4DAA}"
EndProject
Global
	GlobalSection(SolutionConfigurationPlatforms) = preSolution
		Debug|Any CPU = Debug|Any CPU
		Release|Any CPU = Release|Any CPU
	EndGlobalSection
	GlobalSection(ProjectConfigurationPlatforms) = postSolution
		{7328BF39-E13D-438C-BA89-ADFDD63B4DAA}.Debug|Any CPU.ActiveCfg = Debug|Any CPU
		{7328BF39-E13D-438C-BA89-ADFDD63B4DAA}.Debug|Any CPU.Build.0 = Debug|Any CPU
		{7328BF39-E13D-438C-BA89-ADFDD63B4DAA}.Release|Any CPU.ActiveCfg = Release|Any CPU
		{7328BF39-E13D-438C-BA89-ADFDD63B4DAA}.Release|Any CPU.Build.0 = Release|Any CPU
	EndGlobalSection
	GlobalSection(SolutionProperties) = preSolution
		HideSolutionNode = FALSE
	EndGlobalSection
	GlobalSection(ExtensibilityGlobals) = postSolution
		SolutionGuid = {87C3983C-2FBF-42C9-8C25-24203DF3C94E}
	EndGlobalSection
EndGlobal
