
Microsoft Visual Studio Solution File, Format Version 12.00
# Visual Studio Version 17
VisualStudioVersion = 17.4.33205.214
MinimumVisualStudioVersion = 10.0.40219.1
Project("{9A19103F-16F7-4668-BE54-9A1E7A4F7556}") = "project", "project.csproj", "{76D62397-5313-4C7A-94CC-6D6B8AF31DA2}"
EndProject
Global
	GlobalSection(SolutionConfigurationPlatforms) = preSolution
		Debug|Any CPU = Debug|Any CPU
		Release|Any CPU = Release|Any CPU
	EndGlobalSection
	GlobalSection(ProjectConfigurationPlatforms) = postSolution
		{76D62397-5313-4C7A-94CC-6D6B8AF31DA2}.Debug|Any CPU.ActiveCfg = Debug|Any CPU
		{76D62397-5313-4C7A-94CC-6D6B8AF31DA2}.Debug|Any CPU.Build.0 = Debug|Any CPU
		{76D62397-5313-4C7A-94CC-6D6B8AF31DA2}.Release|Any CPU.ActiveCfg = Release|Any CPU
		{76D62397-5313-4C7A-94CC-6D6B8AF31DA2}.Release|Any CPU.Build.0 = Release|Any CPU
	EndGlobalSection
	GlobalSection(SolutionProperties) = preSolution
		HideSolutionNode = FALSE
	EndGlobalSection
	GlobalSection(ExtensibilityGlobals) = postSolution
		SolutionGuid = {9C0CE3BE-7307-449D-8A5C-814799F41AF7}
	EndGlobalSection
EndGlobal
