
Microsoft Visual Studio Solution File, Format Version 12.00
# Visual Studio Version 17
VisualStudioVersion = 17.4.33205.214
MinimumVisualStudioVersion = 10.0.40219.1
Project("{9A19103F-16F7-4668-BE54-9A1E7A4F7556}") = "project", "project.csproj", "{3579F864-6AB0-45E9-A700-43C132C76615}"
EndProject
Global
	GlobalSection(SolutionConfigurationPlatforms) = preSolution
		Debug|Any CPU = Debug|Any CPU
		Release|Any CPU = Release|Any CPU
	EndGlobalSection
	GlobalSection(ProjectConfigurationPlatforms) = postSolution
		{3579F864-6AB0-45E9-A700-43C132C76615}.Debug|Any CPU.ActiveCfg = Debug|Any CPU
		{3579F864-6AB0-45E9-A700-43C132C76615}.Debug|Any CPU.Build.0 = Debug|Any CPU
		{3579F864-6AB0-45E9-A700-43C132C76615}.Release|Any CPU.ActiveCfg = Release|Any CPU
		{3579F864-6AB0-45E9-A700-43C132C76615}.Release|Any CPU.Build.0 = Release|Any CPU
	EndGlobalSection
	GlobalSection(SolutionProperties) = preSolution
		HideSolutionNode = FALSE
	EndGlobalSection
	GlobalSection(ExtensibilityGlobals) = postSolution
		SolutionGuid = {D9934CF8-80AA-4470-8057-D9B279177AFB}
	EndGlobalSection
EndGlobal
