
Microsoft Visual Studio Solution File, Format Version 12.00
# Visual Studio Version 17
VisualStudioVersion = 17.4.33205.214
MinimumVisualStudioVersion = 10.0.40219.1
Project("{9A19103F-16F7-4668-BE54-9A1E7A4F7556}") = "project", "project.csproj", "{9768A55D-0ED5-4F02-8481-C4316327EDEC}"
EndProject
Global
	GlobalSection(SolutionConfigurationPlatforms) = preSolution
		Debug|Any CPU = Debug|Any CPU
		Release|Any CPU = Release|Any CPU
	EndGlobalSection
	GlobalSection(ProjectConfigurationPlatforms) = postSolution
		{9768A55D-0ED5-4F02-8481-C4316327EDEC}.Debug|Any CPU.ActiveCfg = Debug|Any CPU
		{9768A55D-0ED5-4F02-8481-C4316327EDEC}.Debug|Any CPU.Build.0 = Debug|Any CPU
		{9768A55D-0ED5-4F02-8481-C4316327EDEC}.Release|Any CPU.ActiveCfg = Release|Any CPU
		{9768A55D-0ED5-4F02-8481-C4316327EDEC}.Release|Any CPU.Build.0 = Release|Any CPU
	EndGlobalSection
	GlobalSection(SolutionProperties) = preSolution
		HideSolutionNode = FALSE
	EndGlobalSection
	GlobalSection(ExtensibilityGlobals) = postSolution
		SolutionGuid = {66A3B846-6C8F-46D3-B01B-7E8AEFB9880A}
	EndGlobalSection
EndGlobal
