
Microsoft Visual Studio Solution File, Format Version 12.00
# Visual Studio Version 17
VisualStudioVersion = 17.4.33205.214
MinimumVisualStudioVersion = 10.0.40219.1
Project("{9A19103F-16F7-4668-BE54-9A1E7A4F7556}") = "project", "project.csproj", "{8190F19D-58A3-4700-ABC4-87AAB02B9A4B}"
EndProject
Global
	GlobalSection(SolutionConfigurationPlatforms) = preSolution
		Debug|Any CPU = Debug|Any CPU
		Release|Any CPU = Release|Any CPU
	EndGlobalSection
	GlobalSection(ProjectConfigurationPlatforms) = postSolution
		{8190F19D-58A3-4700-ABC4-87AAB02B9A4B}.Debug|Any CPU.ActiveCfg = Debug|Any CPU
		{8190F19D-58A3-4700-ABC4-87AAB02B9A4B}.Debug|Any CPU.Build.0 = Debug|Any CPU
		{8190F19D-58A3-4700-ABC4-87AAB02B9A4B}.Release|Any CPU.ActiveCfg = Release|Any CPU
		{8190F19D-58A3-4700-ABC4-87AAB02B9A4B}.Release|Any CPU.Build.0 = Release|Any CPU
	EndGlobalSection
	GlobalSection(SolutionProperties) = preSolution
		HideSolutionNode = FALSE
	EndGlobalSection
	GlobalSection(ExtensibilityGlobals) = postSolution
		SolutionGuid = {8E49561B-6542-468D-BF63-22471887D9AC}
	EndGlobalSection
EndGlobal
